
Microsoft Visual Studio Solution File, Format Version 11.00
# Visual Studio 2010
Project("{FAE04EC0-301F-11D3-BF4B-00C04F79EFBC}") = "HermitCrabExe", "HermitCrabExe\HermitCrabExe.csproj", "{945FED88-A315-4692-96DD-770892A814DD}"
	ProjectSection(ProjectDependencies) = postProject
		{9E140FCF-0265-481B-B9A0-B0E7BCD3E814} = {9E140FCF-0265-481B-B9A0-B0E7BCD3E814}
	EndProjectSection
EndProject
Project("{FAE04EC0-301F-11D3-BF4B-00C04F79EFBC}") = "Machine", "lib\Machine\Machine\Machine.csproj", "{8C9AB5D2-22CA-4559-ABB0-83E97D7F0E58}"
EndProject
Project("{FAE04EC0-301F-11D3-BF4B-00C04F79EFBC}") = "Collections", "lib\Machine\Collections\Collections.csproj", "{08691159-167B-4E5A-AE88-67DEF10AF7D3}"
EndProject
Project("{2150E333-8FDC-42A3-9474-1A3956D46DE8}") = ".nuget", ".nuget", "{AD7204DD-2348-4AC6-B96B-5458402067AD}"
	ProjectSection(SolutionItems) = preProject
		.nuget\NuGet.Config = .nuget\NuGet.Config
		.nuget\NuGet.exe = .nuget\NuGet.exe
		.nuget\NuGet.targets = .nuget\NuGet.targets
	EndProjectSection
EndProject
Project("{FAE04EC0-301F-11D3-BF4B-00C04F79EFBC}") = "HermitCrab", "HermitCrab\HermitCrab.csproj", "{9E140FCF-0265-481B-B9A0-B0E7BCD3E814}"
EndProject
Project("{2150E333-8FDC-42A3-9474-1A3956D46DE8}") = "Libraries", "Libraries", "{E8A38D0B-B82F-4162-A7C0-281601D61D93}"
EndProject
Project("{FAE04EC0-301F-11D3-BF4B-00C04F79EFBC}") = "HermitCrab.Tests", "HermitCrab.Tests\HermitCrab.Tests.csproj", "{B91590D0-1519-48A0-866B-B17E326812AD}"
EndProject
Global
	GlobalSection(SolutionConfigurationPlatforms) = preSolution
		Debug|Any CPU = Debug|Any CPU
		Release|Any CPU = Release|Any CPU
	EndGlobalSection
	GlobalSection(ProjectConfigurationPlatforms) = postSolution
		{945FED88-A315-4692-96DD-770892A814DD}.Debug|Any CPU.ActiveCfg = Debug|Any CPU
		{945FED88-A315-4692-96DD-770892A814DD}.Debug|Any CPU.Build.0 = Debug|Any CPU
		{945FED88-A315-4692-96DD-770892A814DD}.Release|Any CPU.ActiveCfg = Release|Any CPU
		{945FED88-A315-4692-96DD-770892A814DD}.Release|Any CPU.Build.0 = Release|Any CPU
		{8C9AB5D2-22CA-4559-ABB0-83E97D7F0E58}.Debug|Any CPU.ActiveCfg = Debug|Any CPU
		{8C9AB5D2-22CA-4559-ABB0-83E97D7F0E58}.Debug|Any CPU.Build.0 = Debug|Any CPU
		{8C9AB5D2-22CA-4559-ABB0-83E97D7F0E58}.Release|Any CPU.ActiveCfg = Release|Any CPU
		{8C9AB5D2-22CA-4559-ABB0-83E97D7F0E58}.Release|Any CPU.Build.0 = Release|Any CPU
		{08691159-167B-4E5A-AE88-67DEF10AF7D3}.Debug|Any CPU.ActiveCfg = Debug|Any CPU
		{08691159-167B-4E5A-AE88-67DEF10AF7D3}.Debug|Any CPU.Build.0 = Debug|Any CPU
		{08691159-167B-4E5A-AE88-67DEF10AF7D3}.Release|Any CPU.ActiveCfg = Release|Any CPU
		{08691159-167B-4E5A-AE88-67DEF10AF7D3}.Release|Any CPU.Build.0 = Release|Any CPU
		{9E140FCF-0265-481B-B9A0-B0E7BCD3E814}.Debug|Any CPU.ActiveCfg = Debug|Any CPU
		{9E140FCF-0265-481B-B9A0-B0E7BCD3E814}.Debug|Any CPU.Build.0 = Debug|Any CPU
		{9E140FCF-0265-481B-B9A0-B0E7BCD3E814}.Release|Any CPU.ActiveCfg = Release|Any CPU
		{9E140FCF-0265-481B-B9A0-B0E7BCD3E814}.Release|Any CPU.Build.0 = Release|Any CPU
		{B91590D0-1519-48A0-866B-B17E326812AD}.Debug|Any CPU.ActiveCfg = Debug|Any CPU
		{B91590D0-1519-48A0-866B-B17E326812AD}.Debug|Any CPU.Build.0 = Debug|Any CPU
		{B91590D0-1519-48A0-866B-B17E326812AD}.Release|Any CPU.ActiveCfg = Release|Any CPU
		{B91590D0-1519-48A0-866B-B17E326812AD}.Release|Any CPU.Build.0 = Release|Any CPU
	EndGlobalSection
	GlobalSection(SolutionProperties) = preSolution
		HideSolutionNode = FALSE
	EndGlobalSection
	GlobalSection(NestedProjects) = preSolution
		{08691159-167B-4E5A-AE88-67DEF10AF7D3} = {E8A38D0B-B82F-4162-A7C0-281601D61D93}
		{8C9AB5D2-22CA-4559-ABB0-83E97D7F0E58} = {E8A38D0B-B82F-4162-A7C0-281601D61D93}
	EndGlobalSection
EndGlobal
