
Microsoft Visual Studio Solution File, Format Version 12.00
# Visual Studio 14
VisualStudioVersion = 14.0.25123.0
MinimumVisualStudioVersion = 10.0.40219.1
Project("{2150E333-8FDC-42A3-9474-1A3956D46DE8}") = "src", "src", "{CD016E7C-4091-433C-886B-D571CE405276}"
EndProject
Project("{2150E333-8FDC-42A3-9474-1A3956D46DE8}") = "Solution Items", "Solution Items", "{8EEF72A7-153A-48A7-BAA3-2B3EF93B0534}"
	ProjectSection(SolutionItems) = preProject
		global.json = global.json
		NuGet.config = NuGet.config
	EndProjectSection
EndProject
Project("{8BB2217D-0F2D-49D1-97BC-3654ED321F3B}") = "SIL.Machine.WebApi", "src\SIL.Machine.WebApi\SIL.Machine.WebApi.xproj", "{234544DF-9004-40A6-932E-339AF3A3FD3F}"
EndProject
Global
	GlobalSection(SolutionConfigurationPlatforms) = preSolution
		Debug|Any CPU = Debug|Any CPU
		Release|Any CPU = Release|Any CPU
	EndGlobalSection
	GlobalSection(ProjectConfigurationPlatforms) = postSolution
		{234544DF-9004-40A6-932E-339AF3A3FD3F}.Debug|Any CPU.ActiveCfg = Debug|Any CPU
		{234544DF-9004-40A6-932E-339AF3A3FD3F}.Debug|Any CPU.Build.0 = Debug|Any CPU
		{234544DF-9004-40A6-932E-339AF3A3FD3F}.Release|Any CPU.ActiveCfg = Release|Any CPU
		{234544DF-9004-40A6-932E-339AF3A3FD3F}.Release|Any CPU.Build.0 = Release|Any CPU
	EndGlobalSection
	GlobalSection(SolutionProperties) = preSolution
		HideSolutionNode = FALSE
	EndGlobalSection
	GlobalSection(NestedProjects) = preSolution
		{234544DF-9004-40A6-932E-339AF3A3FD3F} = {CD016E7C-4091-433C-886B-D571CE405276}
	EndGlobalSection
EndGlobal
