
Microsoft Visual Studio Solution File, Format Version 12.00
# Visual Studio 15
VisualStudioVersion = 15.0.27004.2008
MinimumVisualStudioVersion = 10.0.40219.1
Project("{FAE04EC0-301F-11D3-BF4B-00C04F79EFBC}") = "SIL.Machine.Translation.TestApp", "samples\SIL.Machine.Translation.TestApp\SIL.Machine.Translation.TestApp.csproj", "{7BB2675B-5848-4C8E-BAFA-F9B9916FEB16}"
EndProject
Project("{2150E333-8FDC-42A3-9474-1A3956D46DE8}") = "src", "src", "{31B4F5EB-E148-4A51-84B5-B90BB8F38AD3}"
	ProjectSection(SolutionItems) = preProject
		src\AssemblyInfo.props = src\AssemblyInfo.props
	EndProjectSection
EndProject
Project("{2150E333-8FDC-42A3-9474-1A3956D46DE8}") = "tests", "tests", "{66246A1C-8D45-40FB-A660-C58577122CA7}"
EndProject
Project("{2150E333-8FDC-42A3-9474-1A3956D46DE8}") = "samples", "samples", "{2402D5F7-53C2-44B4-879D-3ACEDA7D97C1}"
EndProject
Project("{2150E333-8FDC-42A3-9474-1A3956D46DE8}") = "Solution Items", "Solution Items", "{C2CEC737-240C-4FE7-9BD4-B7548E8F5829}"
	ProjectSection(SolutionItems) = preProject
		.editorconfig = .editorconfig
		.gitignore = .gitignore
		Machine.nuspec = Machine.nuspec
		NuGet.config = NuGet.config
		README.md = README.md
	EndProjectSection
EndProject
Project("{9A19103F-16F7-4668-BE54-9A1E7A4F7556}") = "SIL.Machine", "src\SIL.Machine\SIL.Machine.csproj", "{1A20AAE4-42E9-484F-A25A-607E8469ECA4}"
EndProject
Project("{9A19103F-16F7-4668-BE54-9A1E7A4F7556}") = "SIL.Machine.Translation.Thot", "src\SIL.Machine.Translation.Thot\SIL.Machine.Translation.Thot.csproj", "{E633BC22-93A1-4F15-93B1-3AF775315C7A}"
EndProject
Project("{9A19103F-16F7-4668-BE54-9A1E7A4F7556}") = "SIL.Machine.Morphology.HermitCrab", "src\SIL.Machine.Morphology.HermitCrab\SIL.Machine.Morphology.HermitCrab.csproj", "{71A076A8-92DF-493D-80E7-CDD9DC7FEDC9}"
EndProject
Project("{FAE04EC0-301F-11D3-BF4B-00C04F79EFBC}") = "HermitCrab.CommandLine", "src\HermitCrab.CommandLine\HermitCrab.CommandLine.csproj", "{945FED88-A315-4692-96DD-770892A814DD}"
EndProject
Project("{9A19103F-16F7-4668-BE54-9A1E7A4F7556}") = "SIL.Machine.WebApi", "src\SIL.Machine.WebApi\SIL.Machine.WebApi.csproj", "{4319AB92-3501-4841-8F41-8B24D335BD14}"
EndProject
Project("{9A19103F-16F7-4668-BE54-9A1E7A4F7556}") = "SIL.Machine.WebApi.Tests", "tests\SIL.Machine.WebApi.Tests\SIL.Machine.WebApi.Tests.csproj", "{BC2ABD6A-CC0C-4BCA-B828-FFA068BE8C31}"
EndProject
Project("{9A19103F-16F7-4668-BE54-9A1E7A4F7556}") = "SIL.Machine.Tests", "tests\SIL.Machine.Tests\SIL.Machine.Tests.csproj", "{FEED0E9B-807F-45D1-9D7F-D75CD719CA98}"
EndProject
Project("{9A19103F-16F7-4668-BE54-9A1E7A4F7556}") = "SIL.Machine.Morphology.HermitCrab.Tests", "tests\SIL.Machine.Morphology.HermitCrab.Tests\SIL.Machine.Morphology.HermitCrab.Tests.csproj", "{FE409E52-B03C-4AF8-A9E1-8A8062925BAE}"
EndProject
Project("{9A19103F-16F7-4668-BE54-9A1E7A4F7556}") = "SIL.Machine.Translation.Thot.Tests", "tests\SIL.Machine.Translation.Thot.Tests\SIL.Machine.Translation.Thot.Tests.csproj", "{0F72FFF6-A957-410C-8BBD-07333A6BB19C}"
EndProject
Project("{9A19103F-16F7-4668-BE54-9A1E7A4F7556}") = "Translator.CommandLine", "src\Translator.CommandLine\Translator.CommandLine.csproj", "{01EB286D-96B2-4BA0-8EEA-EA00AD6F9589}"
EndProject
Global
	GlobalSection(SolutionConfigurationPlatforms) = preSolution
		Debug|Any CPU = Debug|Any CPU
		Release|Any CPU = Release|Any CPU
	EndGlobalSection
	GlobalSection(ProjectConfigurationPlatforms) = postSolution
		{7BB2675B-5848-4C8E-BAFA-F9B9916FEB16}.Debug|Any CPU.ActiveCfg = Debug|Any CPU
		{7BB2675B-5848-4C8E-BAFA-F9B9916FEB16}.Debug|Any CPU.Build.0 = Debug|Any CPU
		{7BB2675B-5848-4C8E-BAFA-F9B9916FEB16}.Release|Any CPU.ActiveCfg = Release|Any CPU
		{7BB2675B-5848-4C8E-BAFA-F9B9916FEB16}.Release|Any CPU.Build.0 = Release|Any CPU
		{1A20AAE4-42E9-484F-A25A-607E8469ECA4}.Debug|Any CPU.ActiveCfg = Debug|Any CPU
		{1A20AAE4-42E9-484F-A25A-607E8469ECA4}.Debug|Any CPU.Build.0 = Debug|Any CPU
		{1A20AAE4-42E9-484F-A25A-607E8469ECA4}.Release|Any CPU.ActiveCfg = Release|Any CPU
		{1A20AAE4-42E9-484F-A25A-607E8469ECA4}.Release|Any CPU.Build.0 = Release|Any CPU
		{E633BC22-93A1-4F15-93B1-3AF775315C7A}.Debug|Any CPU.ActiveCfg = Debug|Any CPU
		{E633BC22-93A1-4F15-93B1-3AF775315C7A}.Debug|Any CPU.Build.0 = Debug|Any CPU
		{E633BC22-93A1-4F15-93B1-3AF775315C7A}.Release|Any CPU.ActiveCfg = Release|Any CPU
		{E633BC22-93A1-4F15-93B1-3AF775315C7A}.Release|Any CPU.Build.0 = Release|Any CPU
		{71A076A8-92DF-493D-80E7-CDD9DC7FEDC9}.Debug|Any CPU.ActiveCfg = Debug|Any CPU
		{71A076A8-92DF-493D-80E7-CDD9DC7FEDC9}.Debug|Any CPU.Build.0 = Debug|Any CPU
		{71A076A8-92DF-493D-80E7-CDD9DC7FEDC9}.Release|Any CPU.ActiveCfg = Release|Any CPU
		{71A076A8-92DF-493D-80E7-CDD9DC7FEDC9}.Release|Any CPU.Build.0 = Release|Any CPU
		{945FED88-A315-4692-96DD-770892A814DD}.Debug|Any CPU.ActiveCfg = Debug|Any CPU
		{945FED88-A315-4692-96DD-770892A814DD}.Debug|Any CPU.Build.0 = Debug|Any CPU
		{945FED88-A315-4692-96DD-770892A814DD}.Release|Any CPU.ActiveCfg = Release|Any CPU
		{945FED88-A315-4692-96DD-770892A814DD}.Release|Any CPU.Build.0 = Release|Any CPU
		{4319AB92-3501-4841-8F41-8B24D335BD14}.Debug|Any CPU.ActiveCfg = Debug|Any CPU
		{4319AB92-3501-4841-8F41-8B24D335BD14}.Debug|Any CPU.Build.0 = Debug|Any CPU
		{4319AB92-3501-4841-8F41-8B24D335BD14}.Release|Any CPU.ActiveCfg = Release|Any CPU
		{4319AB92-3501-4841-8F41-8B24D335BD14}.Release|Any CPU.Build.0 = Release|Any CPU
		{BC2ABD6A-CC0C-4BCA-B828-FFA068BE8C31}.Debug|Any CPU.ActiveCfg = Debug|Any CPU
		{BC2ABD6A-CC0C-4BCA-B828-FFA068BE8C31}.Debug|Any CPU.Build.0 = Debug|Any CPU
		{BC2ABD6A-CC0C-4BCA-B828-FFA068BE8C31}.Release|Any CPU.ActiveCfg = Release|Any CPU
		{BC2ABD6A-CC0C-4BCA-B828-FFA068BE8C31}.Release|Any CPU.Build.0 = Release|Any CPU
		{FEED0E9B-807F-45D1-9D7F-D75CD719CA98}.Debug|Any CPU.ActiveCfg = Debug|Any CPU
		{FEED0E9B-807F-45D1-9D7F-D75CD719CA98}.Debug|Any CPU.Build.0 = Debug|Any CPU
		{FEED0E9B-807F-45D1-9D7F-D75CD719CA98}.Release|Any CPU.ActiveCfg = Release|Any CPU
		{FEED0E9B-807F-45D1-9D7F-D75CD719CA98}.Release|Any CPU.Build.0 = Release|Any CPU
		{FE409E52-B03C-4AF8-A9E1-8A8062925BAE}.Debug|Any CPU.ActiveCfg = Debug|Any CPU
		{FE409E52-B03C-4AF8-A9E1-8A8062925BAE}.Debug|Any CPU.Build.0 = Debug|Any CPU
		{FE409E52-B03C-4AF8-A9E1-8A8062925BAE}.Release|Any CPU.ActiveCfg = Release|Any CPU
		{FE409E52-B03C-4AF8-A9E1-8A8062925BAE}.Release|Any CPU.Build.0 = Release|Any CPU
		{0F72FFF6-A957-410C-8BBD-07333A6BB19C}.Debug|Any CPU.ActiveCfg = Debug|Any CPU
		{0F72FFF6-A957-410C-8BBD-07333A6BB19C}.Debug|Any CPU.Build.0 = Debug|Any CPU
		{0F72FFF6-A957-410C-8BBD-07333A6BB19C}.Release|Any CPU.ActiveCfg = Release|Any CPU
		{0F72FFF6-A957-410C-8BBD-07333A6BB19C}.Release|Any CPU.Build.0 = Release|Any CPU
		{01EB286D-96B2-4BA0-8EEA-EA00AD6F9589}.Debug|Any CPU.ActiveCfg = Debug|Any CPU
		{01EB286D-96B2-4BA0-8EEA-EA00AD6F9589}.Debug|Any CPU.Build.0 = Debug|Any CPU
		{01EB286D-96B2-4BA0-8EEA-EA00AD6F9589}.Release|Any CPU.ActiveCfg = Release|Any CPU
		{01EB286D-96B2-4BA0-8EEA-EA00AD6F9589}.Release|Any CPU.Build.0 = Release|Any CPU
	EndGlobalSection
	GlobalSection(SolutionProperties) = preSolution
		HideSolutionNode = FALSE
	EndGlobalSection
	GlobalSection(NestedProjects) = preSolution
		{7BB2675B-5848-4C8E-BAFA-F9B9916FEB16} = {2402D5F7-53C2-44B4-879D-3ACEDA7D97C1}
		{1A20AAE4-42E9-484F-A25A-607E8469ECA4} = {31B4F5EB-E148-4A51-84B5-B90BB8F38AD3}
		{E633BC22-93A1-4F15-93B1-3AF775315C7A} = {31B4F5EB-E148-4A51-84B5-B90BB8F38AD3}
		{71A076A8-92DF-493D-80E7-CDD9DC7FEDC9} = {31B4F5EB-E148-4A51-84B5-B90BB8F38AD3}
		{945FED88-A315-4692-96DD-770892A814DD} = {31B4F5EB-E148-4A51-84B5-B90BB8F38AD3}
		{4319AB92-3501-4841-8F41-8B24D335BD14} = {31B4F5EB-E148-4A51-84B5-B90BB8F38AD3}
		{BC2ABD6A-CC0C-4BCA-B828-FFA068BE8C31} = {66246A1C-8D45-40FB-A660-C58577122CA7}
		{FEED0E9B-807F-45D1-9D7F-D75CD719CA98} = {66246A1C-8D45-40FB-A660-C58577122CA7}
		{FE409E52-B03C-4AF8-A9E1-8A8062925BAE} = {66246A1C-8D45-40FB-A660-C58577122CA7}
		{0F72FFF6-A957-410C-8BBD-07333A6BB19C} = {66246A1C-8D45-40FB-A660-C58577122CA7}
		{01EB286D-96B2-4BA0-8EEA-EA00AD6F9589} = {31B4F5EB-E148-4A51-84B5-B90BB8F38AD3}
	EndGlobalSection
	GlobalSection(ExtensibilityGlobals) = postSolution
		SolutionGuid = {9F18C25E-E140-43C3-B177-D562E1628370}
	EndGlobalSection
EndGlobal
