
Microsoft Visual Studio Solution File, Format Version 12.00
# Visual Studio 2013
VisualStudioVersion = 12.0.40629.0
MinimumVisualStudioVersion = 10.0.40219.1
Project("{FAE04EC0-301F-11D3-BF4B-00C04F79EFBC}") = "Machine", "Machine\Machine.csproj", "{8C9AB5D2-22CA-4559-ABB0-83E97D7F0E58}"
EndProject
Project("{2150E333-8FDC-42A3-9474-1A3956D46DE8}") = ".nuget", ".nuget", "{F27B1588-D555-45F5-955F-6BD135012C87}"
	ProjectSection(SolutionItems) = preProject
		.nuget\NuGet.Config = .nuget\NuGet.Config
		.nuget\NuGet.exe = .nuget\NuGet.exe
		.nuget\NuGet.targets = .nuget\NuGet.targets
	EndProjectSection
EndProject
Project("{FAE04EC0-301F-11D3-BF4B-00C04F79EFBC}") = "Machine.Tests", "Machine.Tests\Machine.Tests.csproj", "{3B8610C8-8EF2-4733-9D8F-5303318830DA}"
EndProject
Project("{FAE04EC0-301F-11D3-BF4B-00C04F79EFBC}") = "Machine.Translation", "Machine.Translation\Machine.Translation.csproj", "{D89AFA6A-CC7B-42E4-B98D-86B8C328F07C}"
EndProject
Project("{FAE04EC0-301F-11D3-BF4B-00C04F79EFBC}") = "Machine.Translation.Tests", "Machine.Translation.Tests\Machine.Translation.Tests.csproj", "{305C1A93-6BF6-4B70-B8F5-81FCBD6A10F3}"
EndProject
Project("{FAE04EC0-301F-11D3-BF4B-00C04F79EFBC}") = "Machine.HermitCrab", "Machine.HermitCrab\Machine.HermitCrab.csproj", "{9E140FCF-0265-481B-B9A0-B0E7BCD3E814}"
EndProject
Project("{FAE04EC0-301F-11D3-BF4B-00C04F79EFBC}") = "Machine.HermitCrab.Tests", "Machine.HermitCrab.Tests\Machine.HermitCrab.Tests.csproj", "{B91590D0-1519-48A0-866B-B17E326812AD}"
EndProject
Project("{FAE04EC0-301F-11D3-BF4B-00C04F79EFBC}") = "HermitCrabExe", "HermitCrabExe\HermitCrabExe.csproj", "{945FED88-A315-4692-96DD-770892A814DD}"
EndProject
Project("{FAE04EC0-301F-11D3-BF4B-00C04F79EFBC}") = "Machine.Translation.HermitCrab", "Machine.Translation.HermitCrab\Machine.Translation.HermitCrab.csproj", "{4C572560-CE06-43EC-9EDA-B4E30EB27FE5}"
EndProject
Project("{FAE04EC0-301F-11D3-BF4B-00C04F79EFBC}") = "Machine.Translation.HermitCrab.Tests", "Machine.Translation.HermitCrab.Tests\Machine.Translation.HermitCrab.Tests.csproj", "{F23C4598-1EBF-4D75-80AA-A5DDE0286485}"
EndProject
Project("{FAE04EC0-301F-11D3-BF4B-00C04F79EFBC}") = "Machine.Translation.TestApp", "Machine.Translation.TestApp\Machine.Translation.TestApp.csproj", "{7BB2675B-5848-4C8E-BAFA-F9B9916FEB16}"
EndProject
Global
	GlobalSection(SolutionConfigurationPlatforms) = preSolution
		Debug|Any CPU = Debug|Any CPU
		Debug|Mixed Platforms = Debug|Mixed Platforms
		Debug|x86 = Debug|x86
		Release|Any CPU = Release|Any CPU
		Release|Mixed Platforms = Release|Mixed Platforms
		Release|x86 = Release|x86
	EndGlobalSection
	GlobalSection(ProjectConfigurationPlatforms) = postSolution
		{8C9AB5D2-22CA-4559-ABB0-83E97D7F0E58}.Debug|Any CPU.ActiveCfg = Debug|Any CPU
		{8C9AB5D2-22CA-4559-ABB0-83E97D7F0E58}.Debug|Any CPU.Build.0 = Debug|Any CPU
		{8C9AB5D2-22CA-4559-ABB0-83E97D7F0E58}.Debug|Mixed Platforms.ActiveCfg = Debug|Any CPU
		{8C9AB5D2-22CA-4559-ABB0-83E97D7F0E58}.Debug|Mixed Platforms.Build.0 = Debug|Any CPU
		{8C9AB5D2-22CA-4559-ABB0-83E97D7F0E58}.Debug|x86.ActiveCfg = Debug|Any CPU
		{8C9AB5D2-22CA-4559-ABB0-83E97D7F0E58}.Debug|x86.Build.0 = Debug|Any CPU
		{8C9AB5D2-22CA-4559-ABB0-83E97D7F0E58}.Release|Any CPU.ActiveCfg = Release|Any CPU
		{8C9AB5D2-22CA-4559-ABB0-83E97D7F0E58}.Release|Any CPU.Build.0 = Release|Any CPU
		{8C9AB5D2-22CA-4559-ABB0-83E97D7F0E58}.Release|Mixed Platforms.ActiveCfg = Release|Any CPU
		{8C9AB5D2-22CA-4559-ABB0-83E97D7F0E58}.Release|Mixed Platforms.Build.0 = Release|Any CPU
		{8C9AB5D2-22CA-4559-ABB0-83E97D7F0E58}.Release|x86.ActiveCfg = Release|Any CPU
		{8C9AB5D2-22CA-4559-ABB0-83E97D7F0E58}.Release|x86.Build.0 = Release|Any CPU
		{3B8610C8-8EF2-4733-9D8F-5303318830DA}.Debug|Any CPU.ActiveCfg = Debug|Any CPU
		{3B8610C8-8EF2-4733-9D8F-5303318830DA}.Debug|Any CPU.Build.0 = Debug|Any CPU
		{3B8610C8-8EF2-4733-9D8F-5303318830DA}.Debug|Mixed Platforms.ActiveCfg = Debug|Any CPU
		{3B8610C8-8EF2-4733-9D8F-5303318830DA}.Debug|Mixed Platforms.Build.0 = Debug|Any CPU
		{3B8610C8-8EF2-4733-9D8F-5303318830DA}.Debug|x86.ActiveCfg = Debug|Any CPU
		{3B8610C8-8EF2-4733-9D8F-5303318830DA}.Debug|x86.Build.0 = Debug|Any CPU
		{3B8610C8-8EF2-4733-9D8F-5303318830DA}.Release|Any CPU.ActiveCfg = Release|Any CPU
		{3B8610C8-8EF2-4733-9D8F-5303318830DA}.Release|Any CPU.Build.0 = Release|Any CPU
		{3B8610C8-8EF2-4733-9D8F-5303318830DA}.Release|Mixed Platforms.ActiveCfg = Release|Any CPU
		{3B8610C8-8EF2-4733-9D8F-5303318830DA}.Release|Mixed Platforms.Build.0 = Release|Any CPU
		{3B8610C8-8EF2-4733-9D8F-5303318830DA}.Release|x86.ActiveCfg = Release|Any CPU
		{3B8610C8-8EF2-4733-9D8F-5303318830DA}.Release|x86.Build.0 = Release|Any CPU
		{D89AFA6A-CC7B-42E4-B98D-86B8C328F07C}.Debug|Any CPU.ActiveCfg = Debug|Any CPU
		{D89AFA6A-CC7B-42E4-B98D-86B8C328F07C}.Debug|Any CPU.Build.0 = Debug|Any CPU
		{D89AFA6A-CC7B-42E4-B98D-86B8C328F07C}.Debug|Mixed Platforms.ActiveCfg = Debug|Any CPU
		{D89AFA6A-CC7B-42E4-B98D-86B8C328F07C}.Debug|Mixed Platforms.Build.0 = Debug|Any CPU
		{D89AFA6A-CC7B-42E4-B98D-86B8C328F07C}.Debug|x86.ActiveCfg = Debug|Any CPU
		{D89AFA6A-CC7B-42E4-B98D-86B8C328F07C}.Debug|x86.Build.0 = Debug|Any CPU
		{D89AFA6A-CC7B-42E4-B98D-86B8C328F07C}.Release|Any CPU.ActiveCfg = Release|Any CPU
		{D89AFA6A-CC7B-42E4-B98D-86B8C328F07C}.Release|Any CPU.Build.0 = Release|Any CPU
		{D89AFA6A-CC7B-42E4-B98D-86B8C328F07C}.Release|Mixed Platforms.ActiveCfg = Release|Any CPU
		{D89AFA6A-CC7B-42E4-B98D-86B8C328F07C}.Release|Mixed Platforms.Build.0 = Release|Any CPU
		{D89AFA6A-CC7B-42E4-B98D-86B8C328F07C}.Release|x86.ActiveCfg = Release|Any CPU
		{D89AFA6A-CC7B-42E4-B98D-86B8C328F07C}.Release|x86.Build.0 = Release|Any CPU
		{305C1A93-6BF6-4B70-B8F5-81FCBD6A10F3}.Debug|Any CPU.ActiveCfg = Debug|x86
		{305C1A93-6BF6-4B70-B8F5-81FCBD6A10F3}.Debug|Mixed Platforms.ActiveCfg = Debug|x86
		{305C1A93-6BF6-4B70-B8F5-81FCBD6A10F3}.Debug|Mixed Platforms.Build.0 = Debug|x86
		{305C1A93-6BF6-4B70-B8F5-81FCBD6A10F3}.Debug|x86.ActiveCfg = Debug|x86
		{305C1A93-6BF6-4B70-B8F5-81FCBD6A10F3}.Debug|x86.Build.0 = Debug|x86
		{305C1A93-6BF6-4B70-B8F5-81FCBD6A10F3}.Release|Any CPU.ActiveCfg = Release|x86
		{305C1A93-6BF6-4B70-B8F5-81FCBD6A10F3}.Release|Mixed Platforms.ActiveCfg = Release|x86
		{305C1A93-6BF6-4B70-B8F5-81FCBD6A10F3}.Release|Mixed Platforms.Build.0 = Release|x86
		{305C1A93-6BF6-4B70-B8F5-81FCBD6A10F3}.Release|x86.ActiveCfg = Release|x86
		{305C1A93-6BF6-4B70-B8F5-81FCBD6A10F3}.Release|x86.Build.0 = Release|x86
		{9E140FCF-0265-481B-B9A0-B0E7BCD3E814}.Debug|Any CPU.ActiveCfg = Debug|Any CPU
		{9E140FCF-0265-481B-B9A0-B0E7BCD3E814}.Debug|Any CPU.Build.0 = Debug|Any CPU
		{9E140FCF-0265-481B-B9A0-B0E7BCD3E814}.Debug|Mixed Platforms.ActiveCfg = Debug|Any CPU
		{9E140FCF-0265-481B-B9A0-B0E7BCD3E814}.Debug|Mixed Platforms.Build.0 = Debug|Any CPU
		{9E140FCF-0265-481B-B9A0-B0E7BCD3E814}.Debug|x86.ActiveCfg = Debug|Any CPU
		{9E140FCF-0265-481B-B9A0-B0E7BCD3E814}.Debug|x86.Build.0 = Debug|Any CPU
		{9E140FCF-0265-481B-B9A0-B0E7BCD3E814}.Release|Any CPU.ActiveCfg = Release|Any CPU
		{9E140FCF-0265-481B-B9A0-B0E7BCD3E814}.Release|Any CPU.Build.0 = Release|Any CPU
		{9E140FCF-0265-481B-B9A0-B0E7BCD3E814}.Release|Mixed Platforms.ActiveCfg = Release|Any CPU
		{9E140FCF-0265-481B-B9A0-B0E7BCD3E814}.Release|Mixed Platforms.Build.0 = Release|Any CPU
		{9E140FCF-0265-481B-B9A0-B0E7BCD3E814}.Release|x86.ActiveCfg = Release|Any CPU
		{9E140FCF-0265-481B-B9A0-B0E7BCD3E814}.Release|x86.Build.0 = Release|Any CPU
		{B91590D0-1519-48A0-866B-B17E326812AD}.Debug|Any CPU.ActiveCfg = Debug|Any CPU
		{B91590D0-1519-48A0-866B-B17E326812AD}.Debug|Any CPU.Build.0 = Debug|Any CPU
		{B91590D0-1519-48A0-866B-B17E326812AD}.Debug|Mixed Platforms.ActiveCfg = Debug|Any CPU
		{B91590D0-1519-48A0-866B-B17E326812AD}.Debug|Mixed Platforms.Build.0 = Debug|Any CPU
		{B91590D0-1519-48A0-866B-B17E326812AD}.Debug|x86.ActiveCfg = Debug|Any CPU
		{B91590D0-1519-48A0-866B-B17E326812AD}.Debug|x86.Build.0 = Debug|Any CPU
		{B91590D0-1519-48A0-866B-B17E326812AD}.Release|Any CPU.ActiveCfg = Release|Any CPU
		{B91590D0-1519-48A0-866B-B17E326812AD}.Release|Any CPU.Build.0 = Release|Any CPU
		{B91590D0-1519-48A0-866B-B17E326812AD}.Release|Mixed Platforms.ActiveCfg = Release|Any CPU
		{B91590D0-1519-48A0-866B-B17E326812AD}.Release|Mixed Platforms.Build.0 = Release|Any CPU
		{B91590D0-1519-48A0-866B-B17E326812AD}.Release|x86.ActiveCfg = Release|Any CPU
		{B91590D0-1519-48A0-866B-B17E326812AD}.Release|x86.Build.0 = Release|Any CPU
		{945FED88-A315-4692-96DD-770892A814DD}.Debug|Any CPU.ActiveCfg = Debug|Any CPU
		{945FED88-A315-4692-96DD-770892A814DD}.Debug|Any CPU.Build.0 = Debug|Any CPU
		{945FED88-A315-4692-96DD-770892A814DD}.Debug|Mixed Platforms.ActiveCfg = Debug|Any CPU
		{945FED88-A315-4692-96DD-770892A814DD}.Debug|Mixed Platforms.Build.0 = Debug|Any CPU
		{945FED88-A315-4692-96DD-770892A814DD}.Debug|x86.ActiveCfg = Debug|Any CPU
		{945FED88-A315-4692-96DD-770892A814DD}.Debug|x86.Build.0 = Debug|Any CPU
		{945FED88-A315-4692-96DD-770892A814DD}.Release|Any CPU.ActiveCfg = Release|Any CPU
		{945FED88-A315-4692-96DD-770892A814DD}.Release|Any CPU.Build.0 = Release|Any CPU
		{945FED88-A315-4692-96DD-770892A814DD}.Release|Mixed Platforms.ActiveCfg = Release|Any CPU
		{945FED88-A315-4692-96DD-770892A814DD}.Release|Mixed Platforms.Build.0 = Release|Any CPU
		{945FED88-A315-4692-96DD-770892A814DD}.Release|x86.ActiveCfg = Release|Any CPU
		{945FED88-A315-4692-96DD-770892A814DD}.Release|x86.Build.0 = Release|Any CPU
		{4C572560-CE06-43EC-9EDA-B4E30EB27FE5}.Debug|Any CPU.ActiveCfg = Debug|Any CPU
		{4C572560-CE06-43EC-9EDA-B4E30EB27FE5}.Debug|Any CPU.Build.0 = Debug|Any CPU
		{4C572560-CE06-43EC-9EDA-B4E30EB27FE5}.Debug|Mixed Platforms.ActiveCfg = Debug|Any CPU
		{4C572560-CE06-43EC-9EDA-B4E30EB27FE5}.Debug|Mixed Platforms.Build.0 = Debug|Any CPU
		{4C572560-CE06-43EC-9EDA-B4E30EB27FE5}.Debug|x86.ActiveCfg = Debug|Any CPU
		{4C572560-CE06-43EC-9EDA-B4E30EB27FE5}.Debug|x86.Build.0 = Debug|Any CPU
		{4C572560-CE06-43EC-9EDA-B4E30EB27FE5}.Release|Any CPU.ActiveCfg = Release|Any CPU
		{4C572560-CE06-43EC-9EDA-B4E30EB27FE5}.Release|Any CPU.Build.0 = Release|Any CPU
		{4C572560-CE06-43EC-9EDA-B4E30EB27FE5}.Release|Mixed Platforms.ActiveCfg = Release|Any CPU
		{4C572560-CE06-43EC-9EDA-B4E30EB27FE5}.Release|Mixed Platforms.Build.0 = Release|Any CPU
		{4C572560-CE06-43EC-9EDA-B4E30EB27FE5}.Release|x86.ActiveCfg = Release|Any CPU
		{4C572560-CE06-43EC-9EDA-B4E30EB27FE5}.Release|x86.Build.0 = Release|Any CPU
		{F23C4598-1EBF-4D75-80AA-A5DDE0286485}.Debug|Any CPU.ActiveCfg = Debug|Any CPU
		{F23C4598-1EBF-4D75-80AA-A5DDE0286485}.Debug|Any CPU.Build.0 = Debug|Any CPU
		{F23C4598-1EBF-4D75-80AA-A5DDE0286485}.Debug|Mixed Platforms.ActiveCfg = Debug|Any CPU
		{F23C4598-1EBF-4D75-80AA-A5DDE0286485}.Debug|Mixed Platforms.Build.0 = Debug|Any CPU
		{F23C4598-1EBF-4D75-80AA-A5DDE0286485}.Debug|x86.ActiveCfg = Debug|Any CPU
		{F23C4598-1EBF-4D75-80AA-A5DDE0286485}.Debug|x86.Build.0 = Debug|Any CPU
		{F23C4598-1EBF-4D75-80AA-A5DDE0286485}.Release|Any CPU.ActiveCfg = Release|Any CPU
		{F23C4598-1EBF-4D75-80AA-A5DDE0286485}.Release|Any CPU.Build.0 = Release|Any CPU
		{F23C4598-1EBF-4D75-80AA-A5DDE0286485}.Release|Mixed Platforms.ActiveCfg = Release|Any CPU
		{F23C4598-1EBF-4D75-80AA-A5DDE0286485}.Release|Mixed Platforms.Build.0 = Release|Any CPU
		{F23C4598-1EBF-4D75-80AA-A5DDE0286485}.Release|x86.ActiveCfg = Release|Any CPU
		{F23C4598-1EBF-4D75-80AA-A5DDE0286485}.Release|x86.Build.0 = Release|Any CPU
		{7BB2675B-5848-4C8E-BAFA-F9B9916FEB16}.Debug|Any CPU.ActiveCfg = Debug|x86
		{7BB2675B-5848-4C8E-BAFA-F9B9916FEB16}.Debug|Mixed Platforms.ActiveCfg = Debug|x86
		{7BB2675B-5848-4C8E-BAFA-F9B9916FEB16}.Debug|Mixed Platforms.Build.0 = Debug|x86
		{7BB2675B-5848-4C8E-BAFA-F9B9916FEB16}.Debug|x86.ActiveCfg = Debug|x86
		{7BB2675B-5848-4C8E-BAFA-F9B9916FEB16}.Debug|x86.Build.0 = Debug|x86
		{7BB2675B-5848-4C8E-BAFA-F9B9916FEB16}.Release|Any CPU.ActiveCfg = Release|x86
		{7BB2675B-5848-4C8E-BAFA-F9B9916FEB16}.Release|Mixed Platforms.ActiveCfg = Release|x86
		{7BB2675B-5848-4C8E-BAFA-F9B9916FEB16}.Release|Mixed Platforms.Build.0 = Release|x86
		{7BB2675B-5848-4C8E-BAFA-F9B9916FEB16}.Release|x86.ActiveCfg = Release|x86
		{7BB2675B-5848-4C8E-BAFA-F9B9916FEB16}.Release|x86.Build.0 = Release|x86
	EndGlobalSection
	GlobalSection(SolutionProperties) = preSolution
		HideSolutionNode = FALSE
	EndGlobalSection
EndGlobal
